
Microsoft Visual Studio Solution File, Format Version 12.00
# Visual Studio Version 17
VisualStudioVersion = 17.4.33110.190
MinimumVisualStudioVersion = 10.0.40219.1
Project("{FAE04EC0-301F-11D3-BF4B-00C04F79EFBC}") = "DLLirant", "DLLirant.csproj", "{B715E1C2-05E2-475A-81BA-6C60A6ED55A3}"
EndProject
Global
	GlobalSection(SolutionConfigurationPlatforms) = preSolution
		Debug|Any CPU = Debug|Any CPU
		Release|Any CPU = Release|Any CPU
	EndGlobalSection
	GlobalSection(ProjectConfigurationPlatforms) = postSolution
		{B715E1C2-05E2-475A-81BA-6C60A6ED55A3}.Debug|Any CPU.ActiveCfg = Debug|Any CPU
		{B715E1C2-05E2-475A-81BA-6C60A6ED55A3}.Debug|Any CPU.Build.0 = Debug|Any CPU
		{B715E1C2-05E2-475A-81BA-6C60A6ED55A3}.Release|Any CPU.ActiveCfg = Release|Any CPU
		{B715E1C2-05E2-475A-81BA-6C60A6ED55A3}.Release|Any CPU.Build.0 = Release|Any CPU
	EndGlobalSection
	GlobalSection(SolutionProperties) = preSolution
		HideSolutionNode = FALSE
	EndGlobalSection
	GlobalSection(ExtensibilityGlobals) = postSolution
		SolutionGuid = {E9980F37-BD8F-4061-B8E7-D87ED4B77013}
	EndGlobalSection
EndGlobal
